
Microsoft Visual Studio Solution File, Format Version 12.00
# Visual Studio Version 16
VisualStudioVersion = 16.6.30114.105
MinimumVisualStudioVersion = 10.0.40219.1
Project("{FAE04EC0-301F-11D3-BF4B-00C04F79EFBC}") = "StackBuilder", "StackBuilder.csproj", "{EF0CCDAA-F88F-474D-8A5D-F73A64E22959}"
EndProject
Project("{2150E333-8FDC-42A3-9474-1A3956D46DE8}") = "test", "test", "{5D0FF5ED-67E7-43C8-B093-BC22C8BFBC31}"
EndProject
Project("{FAE04EC0-301F-11D3-BF4B-00C04F79EFBC}") = "StackBuilder.Tests", "test\StackBuilder.Tests\StackBuilder.Tests.csproj", "{D1658E38-963E-4C5F-8EDC-419DD41C88EF}"
EndProject
Global
	GlobalSection(SolutionConfigurationPlatforms) = preSolution
		Debug|Any CPU = Debug|Any CPU
		Debug|x64 = Debug|x64
		Debug|x86 = Debug|x86
		Release|Any CPU = Release|Any CPU
		Release|x64 = Release|x64
		Release|x86 = Release|x86
	EndGlobalSection
	GlobalSection(SolutionProperties) = preSolution
		HideSolutionNode = FALSE
	EndGlobalSection
	GlobalSection(ProjectConfigurationPlatforms) = postSolution
		{EF0CCDAA-F88F-474D-8A5D-F73A64E22959}.Debug|Any CPU.ActiveCfg = Debug|Any CPU
		{EF0CCDAA-F88F-474D-8A5D-F73A64E22959}.Debug|Any CPU.Build.0 = Debug|Any CPU
		{EF0CCDAA-F88F-474D-8A5D-F73A64E22959}.Debug|x64.ActiveCfg = Debug|Any CPU
		{EF0CCDAA-F88F-474D-8A5D-F73A64E22959}.Debug|x64.Build.0 = Debug|Any CPU
		{EF0CCDAA-F88F-474D-8A5D-F73A64E22959}.Debug|x86.ActiveCfg = Debug|Any CPU
		{EF0CCDAA-F88F-474D-8A5D-F73A64E22959}.Debug|x86.Build.0 = Debug|Any CPU
		{EF0CCDAA-F88F-474D-8A5D-F73A64E22959}.Release|Any CPU.ActiveCfg = Release|Any CPU
		{EF0CCDAA-F88F-474D-8A5D-F73A64E22959}.Release|Any CPU.Build.0 = Release|Any CPU
		{EF0CCDAA-F88F-474D-8A5D-F73A64E22959}.Release|x64.ActiveCfg = Release|Any CPU
		{EF0CCDAA-F88F-474D-8A5D-F73A64E22959}.Release|x64.Build.0 = Release|Any CPU
		{EF0CCDAA-F88F-474D-8A5D-F73A64E22959}.Release|x86.ActiveCfg = Release|Any CPU
		{EF0CCDAA-F88F-474D-8A5D-F73A64E22959}.Release|x86.Build.0 = Release|Any CPU
		{D1658E38-963E-4C5F-8EDC-419DD41C88EF}.Debug|Any CPU.ActiveCfg = Debug|Any CPU
		{D1658E38-963E-4C5F-8EDC-419DD41C88EF}.Debug|Any CPU.Build.0 = Debug|Any CPU
		{D1658E38-963E-4C5F-8EDC-419DD41C88EF}.Debug|x64.ActiveCfg = Debug|Any CPU
		{D1658E38-963E-4C5F-8EDC-419DD41C88EF}.Debug|x64.Build.0 = Debug|Any CPU
		{D1658E38-963E-4C5F-8EDC-419DD41C88EF}.Debug|x86.ActiveCfg = Debug|Any CPU
		{D1658E38-963E-4C5F-8EDC-419DD41C88EF}.Debug|x86.Build.0 = Debug|Any CPU
		{D1658E38-963E-4C5F-8EDC-419DD41C88EF}.Release|Any CPU.ActiveCfg = Release|Any CPU
		{D1658E38-963E-4C5F-8EDC-419DD41C88EF}.Release|Any CPU.Build.0 = Release|Any CPU
		{D1658E38-963E-4C5F-8EDC-419DD41C88EF}.Release|x64.ActiveCfg = Release|Any CPU
		{D1658E38-963E-4C5F-8EDC-419DD41C88EF}.Release|x64.Build.0 = Release|Any CPU
		{D1658E38-963E-4C5F-8EDC-419DD41C88EF}.Release|x86.ActiveCfg = Release|Any CPU
		{D1658E38-963E-4C5F-8EDC-419DD41C88EF}.Release|x86.Build.0 = Release|Any CPU
	EndGlobalSection
	GlobalSection(NestedProjects) = preSolution
		{D1658E38-963E-4C5F-8EDC-419DD41C88EF} = {5D0FF5ED-67E7-43C8-B093-BC22C8BFBC31}
	EndGlobalSection
EndGlobal
